
Microsoft Visual Studio Solution File, Format Version 12.00
# Visual Studio Version 17
VisualStudioVersion = 17.4.33213.308
MinimumVisualStudioVersion = 10.0.40219.1
Project("{FAE04EC0-301F-11D3-BF4B-00C04F79EFBC}") = "IntershipCode_bank_login", "IntershipCode_bank_login.csproj", "{83E59286-B8DA-4836-8A56-40FD5CBABA3C}"
EndProject
Global
	GlobalSection(SolutionConfigurationPlatforms) = preSolution
		Debug|Any CPU = Debug|Any CPU
		Release|Any CPU = Release|Any CPU
	EndGlobalSection
	GlobalSection(ProjectConfigurationPlatforms) = postSolution
		{83E59286-B8DA-4836-8A56-40FD5CBABA3C}.Debug|Any CPU.ActiveCfg = Debug|Any CPU
		{83E59286-B8DA-4836-8A56-40FD5CBABA3C}.Debug|Any CPU.Build.0 = Debug|Any CPU
		{83E59286-B8DA-4836-8A56-40FD5CBABA3C}.Release|Any CPU.ActiveCfg = Release|Any CPU
		{83E59286-B8DA-4836-8A56-40FD5CBABA3C}.Release|Any CPU.Build.0 = Release|Any CPU
	EndGlobalSection
	GlobalSection(SolutionProperties) = preSolution
		HideSolutionNode = FALSE
	EndGlobalSection
	GlobalSection(ExtensibilityGlobals) = postSolution
		SolutionGuid = {606C3859-AA54-4B53-B031-C678506F4D60}
	EndGlobalSection
EndGlobal
